Microsoft Visual Studio Solution File, Format Version 12.00
# Visual Studio Version 17
VisualStudioVersion = 17.5.2.0
MinimumVisualStudioVersion = 10.0.40219.1
Project("{FAE04EC0-301F-11D3-BF4B-00C04F79EFBC}") = "AdafruitIoApi", "AdafruitIoApi\AdafruitIoApi.csproj", "{5CE7B62E-4784-3987-B325-53F57CE93291}"
EndProject
Project("{FAE04EC0-301F-11D3-BF4B-00C04F79EFBC}") = "AdafruitIoConsoleApp", "AdafruitIoConsoleApp\AdafruitIoConsoleApp.csproj", "{DD954FBD-99EB-0E58-9431-BE3C73660978}"
EndProject
Global
	GlobalSection(SolutionConfigurationPlatforms) = preSolution
		Debug|Any CPU = Debug|Any CPU
		Release|Any CPU = Release|Any CPU
	EndGlobalSection
	GlobalSection(ProjectConfigurationPlatforms) = postSolution
		{5CE7B62E-4784-3987-B325-53F57CE93291}.Debug|Any CPU.ActiveCfg = Debug|Any CPU
		{5CE7B62E-4784-3987-B325-53F57CE93291}.Debug|Any CPU.Build.0 = Debug|Any CPU
		{5CE7B62E-4784-3987-B325-53F57CE93291}.Release|Any CPU.ActiveCfg = Release|Any CPU
		{5CE7B62E-4784-3987-B325-53F57CE93291}.Release|Any CPU.Build.0 = Release|Any CPU
		{DD954FBD-99EB-0E58-9431-BE3C73660978}.Debug|Any CPU.ActiveCfg = Debug|Any CPU
		{DD954FBD-99EB-0E58-9431-BE3C73660978}.Debug|Any CPU.Build.0 = Debug|Any CPU
		{DD954FBD-99EB-0E58-9431-BE3C73660978}.Release|Any CPU.ActiveCfg = Release|Any CPU
		{DD954FBD-99EB-0E58-9431-BE3C73660978}.Release|Any CPU.Build.0 = Release|Any CPU
	EndGlobalSection
	GlobalSection(SolutionProperties) = preSolution
		HideSolutionNode = FALSE
	EndGlobalSection
	GlobalSection(ExtensibilityGlobals) = postSolution
		SolutionGuid = {0976A70F-EC50-43CF-9D7A-7A196EAC9926}
	EndGlobalSection
EndGlobal
