
Microsoft Visual Studio Solution File, Format Version 12.00
# Visual Studio Version 17
VisualStudioVersion = 17.0.31903.59
MinimumVisualStudioVersion = 10.0.40219.1
Project("{FAE04EC0-301F-11D3-BF4B-00C04F79EFBC}") = "AdafruitIoClient", "AdafruitIoClient\AdafruitIoClient.csproj", "{79EA655E-12DE-46BC-B79C-AA4CB8D6F364}"
EndProject
Project("{FAE04EC0-301F-11D3-BF4B-00C04F79EFBC}") = "AdafruitIoConsole", "AdafruitIoConsole\AdafruitIoConsole.csproj", "{2C9D5E8D-C6E7-4221-B36A-33DE77993584}"
EndProject
Project("{FAE04EC0-301F-11D3-BF4B-00C04F79EFBC}") = "AdafruitIoMcpServer", "AdafruitIoMcpServer\AdafruitIoMcpServer.csproj", "{6B5588F4-E2B4-3A7F-9E3C-538704383B32}"
EndProject
Global
	GlobalSection(SolutionConfigurationPlatforms) = preSolution
		Debug|Any CPU = Debug|Any CPU
		Debug|x64 = Debug|x64
		Debug|x86 = Debug|x86
		Release|Any CPU = Release|Any CPU
		Release|x64 = Release|x64
		Release|x86 = Release|x86
	EndGlobalSection
	GlobalSection(ProjectConfigurationPlatforms) = postSolution
		{79EA655E-12DE-46BC-B79C-AA4CB8D6F364}.Debug|Any CPU.ActiveCfg = Debug|Any CPU
		{79EA655E-12DE-46BC-B79C-AA4CB8D6F364}.Debug|Any CPU.Build.0 = Debug|Any CPU
		{79EA655E-12DE-46BC-B79C-AA4CB8D6F364}.Debug|x64.ActiveCfg = Debug|Any CPU
		{79EA655E-12DE-46BC-B79C-AA4CB8D6F364}.Debug|x64.Build.0 = Debug|Any CPU
		{79EA655E-12DE-46BC-B79C-AA4CB8D6F364}.Debug|x86.ActiveCfg = Debug|Any CPU
		{79EA655E-12DE-46BC-B79C-AA4CB8D6F364}.Debug|x86.Build.0 = Debug|Any CPU
		{79EA655E-12DE-46BC-B79C-AA4CB8D6F364}.Release|Any CPU.ActiveCfg = Release|Any CPU
		{79EA655E-12DE-46BC-B79C-AA4CB8D6F364}.Release|Any CPU.Build.0 = Release|Any CPU
		{79EA655E-12DE-46BC-B79C-AA4CB8D6F364}.Release|x64.ActiveCfg = Release|Any CPU
		{79EA655E-12DE-46BC-B79C-AA4CB8D6F364}.Release|x64.Build.0 = Release|Any CPU
		{79EA655E-12DE-46BC-B79C-AA4CB8D6F364}.Release|x86.ActiveCfg = Release|Any CPU
		{79EA655E-12DE-46BC-B79C-AA4CB8D6F364}.Release|x86.Build.0 = Release|Any CPU
		{2C9D5E8D-C6E7-4221-B36A-33DE77993584}.Debug|Any CPU.ActiveCfg = Debug|Any CPU
		{2C9D5E8D-C6E7-4221-B36A-33DE77993584}.Debug|Any CPU.Build.0 = Debug|Any CPU
		{2C9D5E8D-C6E7-4221-B36A-33DE77993584}.Debug|x64.ActiveCfg = Debug|Any CPU
		{2C9D5E8D-C6E7-4221-B36A-33DE77993584}.Debug|x64.Build.0 = Debug|Any CPU
		{2C9D5E8D-C6E7-4221-B36A-33DE77993584}.Debug|x86.ActiveCfg = Debug|Any CPU
		{2C9D5E8D-C6E7-4221-B36A-33DE77993584}.Debug|x86.Build.0 = Debug|Any CPU
		{2C9D5E8D-C6E7-4221-B36A-33DE77993584}.Release|Any CPU.ActiveCfg = Release|Any CPU
		{2C9D5E8D-C6E7-4221-B36A-33DE77993584}.Release|Any CPU.Build.0 = Release|Any CPU
		{2C9D5E8D-C6E7-4221-B36A-33DE77993584}.Release|x64.ActiveCfg = Release|Any CPU
		{2C9D5E8D-C6E7-4221-B36A-33DE77993584}.Release|x64.Build.0 = Release|Any CPU
		{2C9D5E8D-C6E7-4221-B36A-33DE77993584}.Release|x86.ActiveCfg = Release|Any CPU
		{2C9D5E8D-C6E7-4221-B36A-33DE77993584}.Release|x86.Build.0 = Release|Any CPU
		{6B5588F4-E2B4-3A7F-9E3C-538704383B32}.Debug|Any CPU.ActiveCfg = Debug|Any CPU
		{6B5588F4-E2B4-3A7F-9E3C-538704383B32}.Debug|Any CPU.Build.0 = Debug|Any CPU
		{6B5588F4-E2B4-3A7F-9E3C-538704383B32}.Debug|x64.ActiveCfg = Debug|Any CPU
		{6B5588F4-E2B4-3A7F-9E3C-538704383B32}.Debug|x64.Build.0 = Debug|Any CPU
		{6B5588F4-E2B4-3A7F-9E3C-538704383B32}.Debug|x86.ActiveCfg = Debug|Any CPU
		{6B5588F4-E2B4-3A7F-9E3C-538704383B32}.Debug|x86.Build.0 = Debug|Any CPU
		{6B5588F4-E2B4-3A7F-9E3C-538704383B32}.Release|Any CPU.ActiveCfg = Release|Any CPU
		{6B5588F4-E2B4-3A7F-9E3C-538704383B32}.Release|Any CPU.Build.0 = Release|Any CPU
		{6B5588F4-E2B4-3A7F-9E3C-538704383B32}.Release|x64.ActiveCfg = Release|Any CPU
		{6B5588F4-E2B4-3A7F-9E3C-538704383B32}.Release|x64.Build.0 = Release|Any CPU
		{6B5588F4-E2B4-3A7F-9E3C-538704383B32}.Release|x86.ActiveCfg = Release|Any CPU
		{6B5588F4-E2B4-3A7F-9E3C-538704383B32}.Release|x86.Build.0 = Release|Any CPU
	EndGlobalSection
	GlobalSection(SolutionProperties) = preSolution
		HideSolutionNode = FALSE
	EndGlobalSection
	GlobalSection(ExtensibilityGlobals) = postSolution
		SolutionGuid = {884D22BB-04EB-4110-B163-81433FDB9386}
	EndGlobalSection
EndGlobal
